# This file is automatically @generated by Cargo.
# It is not intended for manual editing.
version = 4

[[package]]
name = "arrayvec"
version = "0.7.6"
source = "registry+https://github.com/rust-lang/crates.io-index"
checksum = "7c02d123df017efcdfbd739ef81735b36c5ba83ec3c59c80a9d7ecc718f92e50"

[[package]]
name = "autocfg"
version = "1.1.0"
source = "registry+https://github.com/rust-lang/crates.io-index"
checksum = "d468802bab17cbc0cc575e9b053f41e72aa36bfa6b7f55e3529ffa43161b97fa"

[[package]]
name = "bitflags"
version = "2.8.0"
source = "registry+https://github.com/rust-lang/crates.io-index"
checksum = "8f68f53c83ab957f72c32642f3868eec03eb974d1fb82e453128456482613d36"

[[package]]
name = "common-checks"
version = "0.0.0"
dependencies = [
 "dharitri-sc",
]

[[package]]
name = "common-structs"
version = "0.0.0"
dependencies = [
 "dharitri-sc",
]

[[package]]
name = "common-tokens"
version = "0.0.0"
dependencies = [
 "dharitri-sc",
]

[[package]]
name = "dharitri-chain-core"
version = "1.17.2"
source = "registry+https://github.com/rust-lang/crates.io-index"
checksum = "92dc624b4ca3e9f6812a170c8fe61b659e8a863a23096af7b2c05f6d1ff23647"
dependencies = [
 "bitflags",
 "dharitri-sc-codec",
]

[[package]]
name = "dharitri-sc"
version = "1.17.2"
source = "registry+https://github.com/rust-lang/crates.io-index"
checksum = "76f54b25371b7f165490024fb6b425413347104a31f4a9f470da330a9caa1ef9"
dependencies = [
 "bitflags",
 "dharitri-chain-core",
 "dharitri-sc-codec",
 "dharitri-sc-derive",
 "hex-literal",
 "num-traits",
 "unwrap-infallible",
]

[[package]]
name = "dharitri-sc-codec"
version = "1.17.2"
source = "registry+https://github.com/rust-lang/crates.io-index"
checksum = "c9f18629f2fe3d4be5e8e16edcb08b4a2c768e92b7f27df7222991271d968af9"
dependencies = [
 "arrayvec",
 "dharitri-sc-codec-derive",
 "unwrap-infallible",
]

[[package]]
name = "dharitri-sc-codec-derive"
version = "1.17.2"
source = "registry+https://github.com/rust-lang/crates.io-index"
checksum = "c79f01145ac8ad17ab9197f710d2fa7c1495896de7f96fedd75efbf7b82ede9c"
dependencies = [
 "hex",
 "proc-macro2",
 "quote",
 "syn",
]

[[package]]
name = "dharitri-sc-derive"
version = "1.17.2"
source = "registry+https://github.com/rust-lang/crates.io-index"
checksum = "343709f60d0325d8c3d9c49a242ecf2086054d1dda1d5532069dc5aae25d2195"
dependencies = [
 "hex",
 "proc-macro2",
 "quote",
 "radix_trie",
 "syn",
]

[[package]]
name = "dharitri-sc-wasm-adapter"
version = "1.17.2"
source = "registry+https://github.com/rust-lang/crates.io-index"
checksum = "fd53fe2abfb9de3ede5479ba9855c7a839ef43e53e971b6d7226528c789f8d71"
dependencies = [
 "dharitri-sc",
]

[[package]]
name = "endian-type"
version = "0.1.2"
source = "registry+https://github.com/rust-lang/crates.io-index"
checksum = "c34f04666d835ff5d62e058c3995147c06f42fe86ff053337632bca83e42702d"

[[package]]
name = "hex"
version = "0.4.3"
source = "registry+https://github.com/rust-lang/crates.io-index"
checksum = "7f24254aa9a54b5c858eaee2f5bccdb46aaf0e486a595ed5fd8f86ba55232a70"

[[package]]
name = "hex-literal"
version = "0.4.1"
source = "registry+https://github.com/rust-lang/crates.io-index"
checksum = "6fe2267d4ed49bc07b63801559be28c718ea06c4738b7a03c94df7386d2cde46"

[[package]]
name = "lending-pool"
version = "0.0.0"
dependencies = [
 "common-checks",
 "common-structs",
 "common-tokens",
 "dharitri-sc",
 "liquidity-pool",
 "price-aggregator-proxy",
]

[[package]]
name = "lending-pool-wasm"
version = "0.0.0"
dependencies = [
 "dharitri-sc-wasm-adapter",
 "lending-pool",
]

[[package]]
name = "liquidity-pool"
version = "0.0.1"
dependencies = [
 "common-checks",
 "common-structs",
 "common-tokens",
 "dharitri-sc",
 "price-aggregator-proxy",
]

[[package]]
name = "nibble_vec"
version = "0.1.0"
source = "registry+https://github.com/rust-lang/crates.io-index"
checksum = "77a5d83df9f36fe23f0c3648c6bbb8b0298bb5f1939c8f2704431371f4b84d43"
dependencies = [
 "smallvec",
]

[[package]]
name = "num-traits"
version = "0.2.19"
source = "registry+https://github.com/rust-lang/crates.io-index"
checksum = "071dfc062690e90b734c0b2273ce72ad0ffa95f0c74596bc250dcfd960262841"
dependencies = [
 "autocfg",
]

[[package]]
name = "price-aggregator-proxy"
version = "0.0.0"
dependencies = [
 "dharitri-sc",
]

[[package]]
name = "proc-macro2"
version = "1.0.92"
source = "registry+https://github.com/rust-lang/crates.io-index"
checksum = "37d3544b3f2748c54e147655edb5025752e2303145b5aefb3c3ea2c78b973bb0"
dependencies = [
 "unicode-ident",
]

[[package]]
name = "quote"
version = "1.0.38"
source = "registry+https://github.com/rust-lang/crates.io-index"
checksum = "0e4dccaaaf89514f546c693ddc140f729f958c247918a13380cccc6078391acc"
dependencies = [
 "proc-macro2",
]

[[package]]
name = "radix_trie"
version = "0.2.1"
source = "registry+https://github.com/rust-lang/crates.io-index"
checksum = "c069c179fcdc6a2fe24d8d18305cf085fdbd4f922c041943e203685d6a1c58fd"
dependencies = [
 "endian-type",
 "nibble_vec",
]

[[package]]
name = "smallvec"
version = "1.10.0"
source = "registry+https://github.com/rust-lang/crates.io-index"
checksum = "a507befe795404456341dfab10cef66ead4c041f62b8b11bbb92bffe5d0953e0"

[[package]]
name = "syn"
version = "2.0.95"
source = "registry+https://github.com/rust-lang/crates.io-index"
checksum = "46f71c0377baf4ef1cc3e3402ded576dccc315800fbc62dfc7fe04b009773b4a"
dependencies = [
 "proc-macro2",
 "quote",
 "unicode-ident",
]

[[package]]
name = "unicode-ident"
version = "1.0.9"
source = "registry+https://github.com/rust-lang/crates.io-index"
checksum = "b15811caf2415fb889178633e7724bad2509101cde276048e013b9def5e51fa0"

[[package]]
name = "unwrap-infallible"
version = "0.1.5"
source = "registry+https://github.com/rust-lang/crates.io-index"
checksum = "151ac09978d3c2862c4e39b557f4eceee2cc72150bc4cb4f16abf061b6e381fb"
